
Microsoft Visual Studio Solution File, Format Version 12.00
# Visual Studio 2012
Project("{FAE04EC0-301F-11D3-BF4B-00C04F79EFBC}") = "logviewer", "logviewer\logviewer.csproj", "{161E82E5-E732-434C-B400-99D253D6CBFA}"
	ProjectSection(ProjectDependencies) = postProject
		{383C08FC-9CAC-42E5-9B02-471561479A74} = {383C08FC-9CAC-42E5-9B02-471561479A74}
	EndProjectSection
EndProject
Project("{930C7802-8A8C-48F9-8165-68863BCCD9DD}") = "logviewer.install", "logviewer.install\logviewer.install.wixproj", "{27060CA7-FB29-42BC-BA66-7FC80D498354}"
	ProjectSection(ProjectDependencies) = postProject
		{161E82E5-E732-434C-B400-99D253D6CBFA} = {161E82E5-E732-434C-B400-99D253D6CBFA}
	EndProjectSection
EndProject
Project("{930C7802-8A8C-48F9-8165-68863BCCD9DD}") = "logviewer.install.bootstrap", "logviewer.install.bootstrap\logviewer.install.bootstrap.wixproj", "{1C0ED62B-D506-4E72-BBC2-A50D3926466E}"
	ProjectSection(ProjectDependencies) = postProject
		{27060CA7-FB29-42BC-BA66-7FC80D498354} = {27060CA7-FB29-42BC-BA66-7FC80D498354}
	EndProjectSection
EndProject
Project("{2150E333-8FDC-42A3-9474-1A3956D46DE8}") = "solution items", "solution items", "{3B960F8F-AD5D-45E7-92C0-05B65E200AC4}"
	ProjectSection(SolutionItems) = preProject
		logviewer.xml = logviewer.xml
	EndProjectSection
EndProject
Project("{FAE04EC0-301F-11D3-BF4B-00C04F79EFBC}") = "logviewer.tests", "logviewer.tests\logviewer.tests.csproj", "{939DD379-CDC8-47EF-8D37-0E5E71D99D30}"
	ProjectSection(ProjectDependencies) = postProject
		{383C08FC-9CAC-42E5-9B02-471561479A74} = {383C08FC-9CAC-42E5-9B02-471561479A74}
	EndProjectSection
EndProject
Project("{FAE04EC0-301F-11D3-BF4B-00C04F79EFBC}") = "logviewer.core", "logviewer.core\logviewer.core.csproj", "{383C08FC-9CAC-42E5-9B02-471561479A74}"
EndProject
Global
	GlobalSection(SolutionConfigurationPlatforms) = preSolution
		Debug|Any CPU = Debug|Any CPU
		Debug|Mixed Platforms = Debug|Mixed Platforms
		Debug|x86 = Debug|x86
		Release|Any CPU = Release|Any CPU
		Release|Mixed Platforms = Release|Mixed Platforms
		Release|x86 = Release|x86
	EndGlobalSection
	GlobalSection(ProjectConfigurationPlatforms) = postSolution
		{161E82E5-E732-434C-B400-99D253D6CBFA}.Debug|Any CPU.ActiveCfg = Debug|Any CPU
		{161E82E5-E732-434C-B400-99D253D6CBFA}.Debug|Any CPU.Build.0 = Debug|Any CPU
		{161E82E5-E732-434C-B400-99D253D6CBFA}.Debug|Mixed Platforms.ActiveCfg = Debug|Any CPU
		{161E82E5-E732-434C-B400-99D253D6CBFA}.Debug|Mixed Platforms.Build.0 = Debug|Any CPU
		{161E82E5-E732-434C-B400-99D253D6CBFA}.Debug|x86.ActiveCfg = Debug|Any CPU
		{161E82E5-E732-434C-B400-99D253D6CBFA}.Release|Any CPU.ActiveCfg = Release|Any CPU
		{161E82E5-E732-434C-B400-99D253D6CBFA}.Release|Any CPU.Build.0 = Release|Any CPU
		{161E82E5-E732-434C-B400-99D253D6CBFA}.Release|Mixed Platforms.ActiveCfg = Release|Any CPU
		{161E82E5-E732-434C-B400-99D253D6CBFA}.Release|Mixed Platforms.Build.0 = Release|Any CPU
		{161E82E5-E732-434C-B400-99D253D6CBFA}.Release|x86.ActiveCfg = Release|Any CPU
		{27060CA7-FB29-42BC-BA66-7FC80D498354}.Debug|Any CPU.ActiveCfg = Debug|x86
		{27060CA7-FB29-42BC-BA66-7FC80D498354}.Debug|Any CPU.Build.0 = Debug|x86
		{27060CA7-FB29-42BC-BA66-7FC80D498354}.Debug|Mixed Platforms.ActiveCfg = Debug|x86
		{27060CA7-FB29-42BC-BA66-7FC80D498354}.Debug|Mixed Platforms.Build.0 = Debug|x86
		{27060CA7-FB29-42BC-BA66-7FC80D498354}.Debug|x86.ActiveCfg = Debug|x86
		{27060CA7-FB29-42BC-BA66-7FC80D498354}.Debug|x86.Build.0 = Debug|x86
		{27060CA7-FB29-42BC-BA66-7FC80D498354}.Release|Any CPU.ActiveCfg = Release|x86
		{27060CA7-FB29-42BC-BA66-7FC80D498354}.Release|Any CPU.Build.0 = Release|x86
		{27060CA7-FB29-42BC-BA66-7FC80D498354}.Release|Mixed Platforms.ActiveCfg = Release|x86
		{27060CA7-FB29-42BC-BA66-7FC80D498354}.Release|Mixed Platforms.Build.0 = Release|x86
		{27060CA7-FB29-42BC-BA66-7FC80D498354}.Release|x86.ActiveCfg = Release|x86
		{27060CA7-FB29-42BC-BA66-7FC80D498354}.Release|x86.Build.0 = Release|x86
		{1C0ED62B-D506-4E72-BBC2-A50D3926466E}.Debug|Any CPU.ActiveCfg = Debug|x86
		{1C0ED62B-D506-4E72-BBC2-A50D3926466E}.Debug|Any CPU.Build.0 = Debug|x86
		{1C0ED62B-D506-4E72-BBC2-A50D3926466E}.Debug|Mixed Platforms.ActiveCfg = Debug|x86
		{1C0ED62B-D506-4E72-BBC2-A50D3926466E}.Debug|Mixed Platforms.Build.0 = Debug|x86
		{1C0ED62B-D506-4E72-BBC2-A50D3926466E}.Debug|x86.ActiveCfg = Debug|x86
		{1C0ED62B-D506-4E72-BBC2-A50D3926466E}.Debug|x86.Build.0 = Debug|x86
		{1C0ED62B-D506-4E72-BBC2-A50D3926466E}.Release|Any CPU.ActiveCfg = Release|x86
		{1C0ED62B-D506-4E72-BBC2-A50D3926466E}.Release|Any CPU.Build.0 = Release|x86
		{1C0ED62B-D506-4E72-BBC2-A50D3926466E}.Release|Mixed Platforms.ActiveCfg = Release|x86
		{1C0ED62B-D506-4E72-BBC2-A50D3926466E}.Release|Mixed Platforms.Build.0 = Release|x86
		{1C0ED62B-D506-4E72-BBC2-A50D3926466E}.Release|x86.ActiveCfg = Release|x86
		{1C0ED62B-D506-4E72-BBC2-A50D3926466E}.Release|x86.Build.0 = Release|x86
		{939DD379-CDC8-47EF-8D37-0E5E71D99D30}.Debug|Any CPU.ActiveCfg = Debug|Any CPU
		{939DD379-CDC8-47EF-8D37-0E5E71D99D30}.Debug|Any CPU.Build.0 = Debug|Any CPU
		{939DD379-CDC8-47EF-8D37-0E5E71D99D30}.Debug|Mixed Platforms.ActiveCfg = Debug|Any CPU
		{939DD379-CDC8-47EF-8D37-0E5E71D99D30}.Debug|Mixed Platforms.Build.0 = Debug|Any CPU
		{939DD379-CDC8-47EF-8D37-0E5E71D99D30}.Debug|x86.ActiveCfg = Debug|Any CPU
		{939DD379-CDC8-47EF-8D37-0E5E71D99D30}.Release|Any CPU.ActiveCfg = Release|Any CPU
		{939DD379-CDC8-47EF-8D37-0E5E71D99D30}.Release|Any CPU.Build.0 = Release|Any CPU
		{939DD379-CDC8-47EF-8D37-0E5E71D99D30}.Release|Mixed Platforms.ActiveCfg = Release|Any CPU
		{939DD379-CDC8-47EF-8D37-0E5E71D99D30}.Release|Mixed Platforms.Build.0 = Release|Any CPU
		{939DD379-CDC8-47EF-8D37-0E5E71D99D30}.Release|x86.ActiveCfg = Release|Any CPU
		{383C08FC-9CAC-42E5-9B02-471561479A74}.Debug|Any CPU.ActiveCfg = Debug|Any CPU
		{383C08FC-9CAC-42E5-9B02-471561479A74}.Debug|Any CPU.Build.0 = Debug|Any CPU
		{383C08FC-9CAC-42E5-9B02-471561479A74}.Debug|Mixed Platforms.ActiveCfg = Debug|Any CPU
		{383C08FC-9CAC-42E5-9B02-471561479A74}.Debug|Mixed Platforms.Build.0 = Debug|Any CPU
		{383C08FC-9CAC-42E5-9B02-471561479A74}.Debug|x86.ActiveCfg = Debug|Any CPU
		{383C08FC-9CAC-42E5-9B02-471561479A74}.Release|Any CPU.ActiveCfg = Release|Any CPU
		{383C08FC-9CAC-42E5-9B02-471561479A74}.Release|Any CPU.Build.0 = Release|Any CPU
		{383C08FC-9CAC-42E5-9B02-471561479A74}.Release|Mixed Platforms.ActiveCfg = Release|Any CPU
		{383C08FC-9CAC-42E5-9B02-471561479A74}.Release|Mixed Platforms.Build.0 = Release|Any CPU
		{383C08FC-9CAC-42E5-9B02-471561479A74}.Release|x86.ActiveCfg = Release|Any CPU
	EndGlobalSection
	GlobalSection(SolutionProperties) = preSolution
		HideSolutionNode = FALSE
	EndGlobalSection
EndGlobal
